
Microsoft Visual Studio Solution File, Format Version 12.00
# Visual Studio 2013
VisualStudioVersion = 12.0.31101.0
MinimumVisualStudioVersion = 10.0.40219.1
Project("{FAE04EC0-301F-11D3-BF4B-00C04F79EFBC}") = "Comp123_Assignment3_demo", "Comp123_Assignment3_demo\Comp123_Assignment3_demo.csproj", "{F68D21C2-4F4B-48BC-810F-2A4B0B3B19B3}"
EndProject
Global
	GlobalSection(SolutionConfigurationPlatforms) = preSolution
		Debug|Any CPU = Debug|Any CPU
		Release|Any CPU = Release|Any CPU
	EndGlobalSection
	GlobalSection(ProjectConfigurationPlatforms) = postSolution
		{F68D21C2-4F4B-48BC-810F-2A4B0B3B19B3}.Debug|Any CPU.ActiveCfg = Debug|Any CPU
		{F68D21C2-4F4B-48BC-810F-2A4B0B3B19B3}.Debug|Any CPU.Build.0 = Debug|Any CPU
		{F68D21C2-4F4B-48BC-810F-2A4B0B3B19B3}.Release|Any CPU.ActiveCfg = Release|Any CPU
		{F68D21C2-4F4B-48BC-810F-2A4B0B3B19B3}.Release|Any CPU.Build.0 = Release|Any CPU
	EndGlobalSection
	GlobalSection(SolutionProperties) = preSolution
		HideSolutionNode = FALSE
	EndGlobalSection
EndGlobal
